
Microsoft Visual Studio Solution File, Format Version 12.00
# Visual Studio Version 17
VisualStudioVersion = 17.8.34330.188
MinimumVisualStudioVersion = 10.0.40219.1
Project("{9A19103F-16F7-4668-BE54-9A1E7A4F7556}") = "GraphicsBuilder", "CursachGraphics\GraphicsBuilder.csproj", "{5A8476DA-A753-44F2-A7F7-2B9A09EE9A7A}"
EndProject
Global
	GlobalSection(SolutionConfigurationPlatforms) = preSolution
		Debug|Any CPU = Debug|Any CPU
		Release|Any CPU = Release|Any CPU
	EndGlobalSection
	GlobalSection(ProjectConfigurationPlatforms) = postSolution
		{5A8476DA-A753-44F2-A7F7-2B9A09EE9A7A}.Debug|Any CPU.ActiveCfg = Debug|Any CPU
		{5A8476DA-A753-44F2-A7F7-2B9A09EE9A7A}.Debug|Any CPU.Build.0 = Debug|Any CPU
		{5A8476DA-A753-44F2-A7F7-2B9A09EE9A7A}.Release|Any CPU.ActiveCfg = Release|Any CPU
		{5A8476DA-A753-44F2-A7F7-2B9A09EE9A7A}.Release|Any CPU.Build.0 = Release|Any CPU
	EndGlobalSection
	GlobalSection(SolutionProperties) = preSolution
		HideSolutionNode = FALSE
	EndGlobalSection
	GlobalSection(ExtensibilityGlobals) = postSolution
		SolutionGuid = {EDFA0E7C-949C-4A28-8DCE-0A00C919F414}
	EndGlobalSection
EndGlobal
